
Microsoft Visual Studio Solution File, Format Version 12.00
# Visual Studio Version 16
VisualStudioVersion = 16.0.31702.278
MinimumVisualStudioVersion = 10.0.40219.1
Project("{FAE04EC0-301F-11D3-BF4B-00C04F79EFBC}") = "SPZ-2", "SPZ-2\SPZ-2.csproj", "{7652AD1C-3947-4FBA-967B-F82663403A5F}"
EndProject
Global
	GlobalSection(SolutionConfigurationPlatforms) = preSolution
		Debug|Any CPU = Debug|Any CPU
		Release|Any CPU = Release|Any CPU
	EndGlobalSection
	GlobalSection(ProjectConfigurationPlatforms) = postSolution
		{7652AD1C-3947-4FBA-967B-F82663403A5F}.Debug|Any CPU.ActiveCfg = Debug|Any CPU
		{7652AD1C-3947-4FBA-967B-F82663403A5F}.Debug|Any CPU.Build.0 = Debug|Any CPU
		{7652AD1C-3947-4FBA-967B-F82663403A5F}.Release|Any CPU.ActiveCfg = Release|Any CPU
		{7652AD1C-3947-4FBA-967B-F82663403A5F}.Release|Any CPU.Build.0 = Release|Any CPU
	EndGlobalSection
	GlobalSection(SolutionProperties) = preSolution
		HideSolutionNode = FALSE
	EndGlobalSection
	GlobalSection(ExtensibilityGlobals) = postSolution
		SolutionGuid = {9CEF0D37-1E99-422B-9302-2D5586FCCDB9}
	EndGlobalSection
EndGlobal
